
Microsoft Visual Studio Solution File, Format Version 12.00
# Visual Studio Version 16
VisualStudioVersion = 25.0.1706.12
MinimumVisualStudioVersion = 10.0.40219.1
Project("{2150E333-8FDC-42A3-9474-1A3956D46DE8}") = "Core", "Core", "{55D61D70-E02F-441E-BAB0-6BB0D2350815}"
EndProject
Project("{FAE04EC0-301F-11D3-BF4B-00C04F79EFBC}") = "Tridenton.Core", "src\Core\Tridenton.Core\Tridenton.Core.csproj", "{43EC0548-7809-48F1-BA9B-07DDFFF8B082}"
EndProject
Project("{FAE04EC0-301F-11D3-BF4B-00C04F79EFBC}") = "Tridenton.Core.UI", "src\Core\Tridenton.Core.UI\Tridenton.Core.UI.csproj", "{4B7050DD-48FD-4909-A93F-B246B6B855C5}"
EndProject
Project("{FAE04EC0-301F-11D3-BF4B-00C04F79EFBC}") = "Tridenton.SDK.Core", "src\SDK\Tridenton.SDK.Core\Tridenton.SDK.Core.csproj", "{6DB3ED7C-EA34-410E-8358-33B6B6965EF8}"
EndProject
Project("{2150E333-8FDC-42A3-9474-1A3956D46DE8}") = "SDK", "SDK", "{F8CF490F-1DDD-45E8-92C8-0D9044B28C6D}"
EndProject
Project("{FAE04EC0-301F-11D3-BF4B-00C04F79EFBC}") = "Tridenton.ERP.Core", "src\ERP\Tridenton.ERP.Core\Tridenton.ERP.Core.csproj", "{A38676DB-1203-429C-9FEB-372649B2B939}"
EndProject
Project("{2150E333-8FDC-42A3-9474-1A3956D46DE8}") = "ERP", "ERP", "{3F7ABFE6-5708-42A9-A55A-B8D4767BDCDA}"
EndProject
Project("{FAE04EC0-301F-11D3-BF4B-00C04F79EFBC}") = "Tridenton.Core.Operations", "src\Core\Tridenton.Core.Operations\Tridenton.Core.Operations.csproj", "{7D544FE6-488F-4940-A1D8-949A1B78E731}"
EndProject
Project("{FAE04EC0-301F-11D3-BF4B-00C04F79EFBC}") = "Tridenton.Core.Metadata", "src\Core\Tridenton.Core.Metadata\Tridenton.Core.Metadata.csproj", "{CAD9ED8E-D7C4-43DA-B2C9-9F8995796277}"
EndProject
Project("{2150E333-8FDC-42A3-9474-1A3956D46DE8}") = "Tests", "Tests", "{F2F437FC-D22F-4B78-86B8-B4C9D83DF952}"
EndProject
Project("{2150E333-8FDC-42A3-9474-1A3956D46DE8}") = "Internal", "Internal", "{9B642F83-A124-47ED-890A-76B082B4BEE7}"
EndProject
Project("{FAE04EC0-301F-11D3-BF4B-00C04F79EFBC}") = "Tridenton.Internal.Core", "src\Internal\Tridenton.Internal.Core\Tridenton.Internal.Core.csproj", "{4922F77F-FFE1-4BF5-8E0F-D6F00EE2DD13}"
EndProject
Project("{FAE04EC0-301F-11D3-BF4B-00C04F79EFBC}") = "Tridenton.Tests.Metadata", "tests\Tridenton.Tests.Metadata\Tridenton.Tests.Metadata.csproj", "{02A3179F-1615-473B-8139-84B0F76DC39E}"
EndProject
Project("{FAE04EC0-301F-11D3-BF4B-00C04F79EFBC}") = "Tridenton.Tests.Core", "tests\Tridenton.Tests.Core\Tridenton.Tests.Core.csproj", "{7004626F-044B-4EA7-9C38-A74486A7FF1E}"
EndProject
Project("{2150E333-8FDC-42A3-9474-1A3956D46DE8}") = "EventLink", "EventLink", "{DC7BE62D-145D-45F0-96C4-19F9FE588FE3}"
EndProject
Project("{2150E333-8FDC-42A3-9474-1A3956D46DE8}") = "Destinations", "Destinations", "{C7E3A2F2-8C67-4E7A-8764-6F99D2C64F3E}"
EndProject
Project("{2150E333-8FDC-42A3-9474-1A3956D46DE8}") = "Sources", "Sources", "{B5C4D9EA-C850-4C1A-94CD-B77CBF05F3B0}"
EndProject
Project("{2150E333-8FDC-42A3-9474-1A3956D46DE8}") = "SDK", "SDK", "{E0E34F95-76CC-47FC-B0B0-7E035491671B}"
EndProject
Project("{2150E333-8FDC-42A3-9474-1A3956D46DE8}") = "Internal", "Internal", "{23086120-44B9-4AD1-87C5-AA34C28A1E2C}"
EndProject
Project("{FAE04EC0-301F-11D3-BF4B-00C04F79EFBC}") = "Tridenton.EventLink.Internal.Core", "src\EventLink\Internal\Tridenton.EventLink.Internal.Core\Tridenton.EventLink.Internal.Core.csproj", "{2ABB2B76-35EE-4876-9E32-F74585EFA0CD}"
EndProject
Project("{FAE04EC0-301F-11D3-BF4B-00C04F79EFBC}") = "Tridenton.EventLink.SDK", "src\EventLink\SDK\Tridenton.EventLink.SDK\Tridenton.EventLink.SDK.csproj", "{BBB1C3CA-C88A-4265-880C-9DAB427B1014}"
EndProject
Project("{FAE04EC0-301F-11D3-BF4B-00C04F79EFBC}") = "Tridenton.EventLink.Internal.Destinations.RabbitMQ", "src\EventLink\Internal\Tridenton.EventLink.Internal.Destinations.RabbitMQ\Tridenton.EventLink.Internal.Destinations.RabbitMQ.csproj", "{56BC81C7-31A9-45BC-B753-0C0E49A432A6}"
EndProject
Project("{FAE04EC0-301F-11D3-BF4B-00C04F79EFBC}") = "Tridenton.EventLink.Internal.Sources.PostgreSQL", "src\EventLink\Internal\Tridenton.EventLink.Internal.Sources.PostgreSQL\Tridenton.EventLink.Internal.Sources.PostgreSQL.csproj", "{DE3DD33C-9A20-4142-B93F-9B258BD3027F}"
EndProject
Project("{FAE04EC0-301F-11D3-BF4B-00C04F79EFBC}") = "Tridenton.EventLink.Internal.Destinations.Webhooks", "src\EventLink\Internal\Tridenton.EventLink.Internal.Destinations.Webhooks\Tridenton.EventLink.Internal.Destinations.Webhooks.csproj", "{F1548690-7F63-406E-9EAD-1A98AB51F4DD}"
EndProject
Project("{2150E333-8FDC-42A3-9474-1A3956D46DE8}") = "Applications", "Applications", "{B1541CBC-0D32-4E26-97BB-6280BA9354D6}"
EndProject
Project("{FAE04EC0-301F-11D3-BF4B-00C04F79EFBC}") = "Tridenton.EventLink.Internal.API", "src\EventLink\Internal\Tridenton.EventLink.Internal.API\Tridenton.EventLink.Internal.API.csproj", "{33DEC090-C04C-4998-82C8-BE665D279E6F}"
EndProject
Project("{FAE04EC0-301F-11D3-BF4B-00C04F79EFBC}") = "Tridenton.EventLink.Internal.Application.Core", "src\EventLink\Internal\Tridenton.EventLink.Internal.Application.Core\Tridenton.EventLink.Internal.Application.Core.csproj", "{01E5D73D-6789-4EF4-8CE2-D7B51647E7B1}"
EndProject
Project("{FAE04EC0-301F-11D3-BF4B-00C04F79EFBC}") = "Tridenton.Tests.UI", "tests\Tridenton.Tests.UI\Tridenton.Tests.UI.csproj", "{A0AB0664-663E-4743-8890-4444427E69CB}"
EndProject
Global
	GlobalSection(SolutionConfigurationPlatforms) = preSolution
		Debug|Any CPU = Debug|Any CPU
		Release|Any CPU = Release|Any CPU
	EndGlobalSection
	GlobalSection(ProjectConfigurationPlatforms) = postSolution
		{43EC0548-7809-48F1-BA9B-07DDFFF8B082}.Debug|Any CPU.ActiveCfg = Debug|Any CPU
		{43EC0548-7809-48F1-BA9B-07DDFFF8B082}.Debug|Any CPU.Build.0 = Debug|Any CPU
		{43EC0548-7809-48F1-BA9B-07DDFFF8B082}.Release|Any CPU.ActiveCfg = Release|Any CPU
		{43EC0548-7809-48F1-BA9B-07DDFFF8B082}.Release|Any CPU.Build.0 = Release|Any CPU
		{4B7050DD-48FD-4909-A93F-B246B6B855C5}.Debug|Any CPU.ActiveCfg = Debug|Any CPU
		{4B7050DD-48FD-4909-A93F-B246B6B855C5}.Debug|Any CPU.Build.0 = Debug|Any CPU
		{4B7050DD-48FD-4909-A93F-B246B6B855C5}.Release|Any CPU.ActiveCfg = Release|Any CPU
		{4B7050DD-48FD-4909-A93F-B246B6B855C5}.Release|Any CPU.Build.0 = Release|Any CPU
		{6DB3ED7C-EA34-410E-8358-33B6B6965EF8}.Debug|Any CPU.ActiveCfg = Debug|Any CPU
		{6DB3ED7C-EA34-410E-8358-33B6B6965EF8}.Debug|Any CPU.Build.0 = Debug|Any CPU
		{6DB3ED7C-EA34-410E-8358-33B6B6965EF8}.Release|Any CPU.ActiveCfg = Release|Any CPU
		{6DB3ED7C-EA34-410E-8358-33B6B6965EF8}.Release|Any CPU.Build.0 = Release|Any CPU
		{A38676DB-1203-429C-9FEB-372649B2B939}.Debug|Any CPU.ActiveCfg = Debug|Any CPU
		{A38676DB-1203-429C-9FEB-372649B2B939}.Debug|Any CPU.Build.0 = Debug|Any CPU
		{A38676DB-1203-429C-9FEB-372649B2B939}.Release|Any CPU.ActiveCfg = Release|Any CPU
		{A38676DB-1203-429C-9FEB-372649B2B939}.Release|Any CPU.Build.0 = Release|Any CPU
		{7D544FE6-488F-4940-A1D8-949A1B78E731}.Debug|Any CPU.ActiveCfg = Debug|Any CPU
		{7D544FE6-488F-4940-A1D8-949A1B78E731}.Debug|Any CPU.Build.0 = Debug|Any CPU
		{7D544FE6-488F-4940-A1D8-949A1B78E731}.Release|Any CPU.ActiveCfg = Release|Any CPU
		{7D544FE6-488F-4940-A1D8-949A1B78E731}.Release|Any CPU.Build.0 = Release|Any CPU
		{CAD9ED8E-D7C4-43DA-B2C9-9F8995796277}.Debug|Any CPU.ActiveCfg = Debug|Any CPU
		{CAD9ED8E-D7C4-43DA-B2C9-9F8995796277}.Debug|Any CPU.Build.0 = Debug|Any CPU
		{CAD9ED8E-D7C4-43DA-B2C9-9F8995796277}.Release|Any CPU.ActiveCfg = Release|Any CPU
		{CAD9ED8E-D7C4-43DA-B2C9-9F8995796277}.Release|Any CPU.Build.0 = Release|Any CPU
		{4922F77F-FFE1-4BF5-8E0F-D6F00EE2DD13}.Debug|Any CPU.ActiveCfg = Debug|Any CPU
		{4922F77F-FFE1-4BF5-8E0F-D6F00EE2DD13}.Debug|Any CPU.Build.0 = Debug|Any CPU
		{4922F77F-FFE1-4BF5-8E0F-D6F00EE2DD13}.Release|Any CPU.ActiveCfg = Release|Any CPU
		{4922F77F-FFE1-4BF5-8E0F-D6F00EE2DD13}.Release|Any CPU.Build.0 = Release|Any CPU
		{02A3179F-1615-473B-8139-84B0F76DC39E}.Debug|Any CPU.ActiveCfg = Debug|Any CPU
		{02A3179F-1615-473B-8139-84B0F76DC39E}.Debug|Any CPU.Build.0 = Debug|Any CPU
		{02A3179F-1615-473B-8139-84B0F76DC39E}.Release|Any CPU.ActiveCfg = Release|Any CPU
		{02A3179F-1615-473B-8139-84B0F76DC39E}.Release|Any CPU.Build.0 = Release|Any CPU
		{7004626F-044B-4EA7-9C38-A74486A7FF1E}.Debug|Any CPU.ActiveCfg = Debug|Any CPU
		{7004626F-044B-4EA7-9C38-A74486A7FF1E}.Debug|Any CPU.Build.0 = Debug|Any CPU
		{7004626F-044B-4EA7-9C38-A74486A7FF1E}.Release|Any CPU.ActiveCfg = Release|Any CPU
		{7004626F-044B-4EA7-9C38-A74486A7FF1E}.Release|Any CPU.Build.0 = Release|Any CPU
		{2ABB2B76-35EE-4876-9E32-F74585EFA0CD}.Debug|Any CPU.ActiveCfg = Debug|Any CPU
		{2ABB2B76-35EE-4876-9E32-F74585EFA0CD}.Debug|Any CPU.Build.0 = Debug|Any CPU
		{2ABB2B76-35EE-4876-9E32-F74585EFA0CD}.Release|Any CPU.ActiveCfg = Release|Any CPU
		{2ABB2B76-35EE-4876-9E32-F74585EFA0CD}.Release|Any CPU.Build.0 = Release|Any CPU
		{BBB1C3CA-C88A-4265-880C-9DAB427B1014}.Debug|Any CPU.ActiveCfg = Debug|Any CPU
		{BBB1C3CA-C88A-4265-880C-9DAB427B1014}.Debug|Any CPU.Build.0 = Debug|Any CPU
		{BBB1C3CA-C88A-4265-880C-9DAB427B1014}.Release|Any CPU.ActiveCfg = Release|Any CPU
		{BBB1C3CA-C88A-4265-880C-9DAB427B1014}.Release|Any CPU.Build.0 = Release|Any CPU
		{56BC81C7-31A9-45BC-B753-0C0E49A432A6}.Debug|Any CPU.ActiveCfg = Debug|Any CPU
		{56BC81C7-31A9-45BC-B753-0C0E49A432A6}.Debug|Any CPU.Build.0 = Debug|Any CPU
		{56BC81C7-31A9-45BC-B753-0C0E49A432A6}.Release|Any CPU.ActiveCfg = Release|Any CPU
		{56BC81C7-31A9-45BC-B753-0C0E49A432A6}.Release|Any CPU.Build.0 = Release|Any CPU
		{DE3DD33C-9A20-4142-B93F-9B258BD3027F}.Debug|Any CPU.ActiveCfg = Debug|Any CPU
		{DE3DD33C-9A20-4142-B93F-9B258BD3027F}.Debug|Any CPU.Build.0 = Debug|Any CPU
		{DE3DD33C-9A20-4142-B93F-9B258BD3027F}.Release|Any CPU.ActiveCfg = Release|Any CPU
		{DE3DD33C-9A20-4142-B93F-9B258BD3027F}.Release|Any CPU.Build.0 = Release|Any CPU
		{F1548690-7F63-406E-9EAD-1A98AB51F4DD}.Debug|Any CPU.ActiveCfg = Debug|Any CPU
		{F1548690-7F63-406E-9EAD-1A98AB51F4DD}.Debug|Any CPU.Build.0 = Debug|Any CPU
		{F1548690-7F63-406E-9EAD-1A98AB51F4DD}.Release|Any CPU.ActiveCfg = Release|Any CPU
		{F1548690-7F63-406E-9EAD-1A98AB51F4DD}.Release|Any CPU.Build.0 = Release|Any CPU
		{33DEC090-C04C-4998-82C8-BE665D279E6F}.Debug|Any CPU.ActiveCfg = Debug|Any CPU
		{33DEC090-C04C-4998-82C8-BE665D279E6F}.Debug|Any CPU.Build.0 = Debug|Any CPU
		{33DEC090-C04C-4998-82C8-BE665D279E6F}.Release|Any CPU.ActiveCfg = Release|Any CPU
		{33DEC090-C04C-4998-82C8-BE665D279E6F}.Release|Any CPU.Build.0 = Release|Any CPU
		{01E5D73D-6789-4EF4-8CE2-D7B51647E7B1}.Debug|Any CPU.ActiveCfg = Debug|Any CPU
		{01E5D73D-6789-4EF4-8CE2-D7B51647E7B1}.Debug|Any CPU.Build.0 = Debug|Any CPU
		{01E5D73D-6789-4EF4-8CE2-D7B51647E7B1}.Release|Any CPU.ActiveCfg = Release|Any CPU
		{01E5D73D-6789-4EF4-8CE2-D7B51647E7B1}.Release|Any CPU.Build.0 = Release|Any CPU
		{A0AB0664-663E-4743-8890-4444427E69CB}.Debug|Any CPU.ActiveCfg = Debug|Any CPU
		{A0AB0664-663E-4743-8890-4444427E69CB}.Debug|Any CPU.Build.0 = Debug|Any CPU
		{A0AB0664-663E-4743-8890-4444427E69CB}.Release|Any CPU.ActiveCfg = Release|Any CPU
		{A0AB0664-663E-4743-8890-4444427E69CB}.Release|Any CPU.Build.0 = Release|Any CPU
	EndGlobalSection
	GlobalSection(SolutionProperties) = preSolution
		HideSolutionNode = FALSE
	EndGlobalSection
	GlobalSection(NestedProjects) = preSolution
		{43EC0548-7809-48F1-BA9B-07DDFFF8B082} = {55D61D70-E02F-441E-BAB0-6BB0D2350815}
		{4B7050DD-48FD-4909-A93F-B246B6B855C5} = {55D61D70-E02F-441E-BAB0-6BB0D2350815}
		{6DB3ED7C-EA34-410E-8358-33B6B6965EF8} = {F8CF490F-1DDD-45E8-92C8-0D9044B28C6D}
		{A38676DB-1203-429C-9FEB-372649B2B939} = {3F7ABFE6-5708-42A9-A55A-B8D4767BDCDA}
		{7D544FE6-488F-4940-A1D8-949A1B78E731} = {55D61D70-E02F-441E-BAB0-6BB0D2350815}
		{CAD9ED8E-D7C4-43DA-B2C9-9F8995796277} = {55D61D70-E02F-441E-BAB0-6BB0D2350815}
		{4922F77F-FFE1-4BF5-8E0F-D6F00EE2DD13} = {9B642F83-A124-47ED-890A-76B082B4BEE7}
		{7004626F-044B-4EA7-9C38-A74486A7FF1E} = {F2F437FC-D22F-4B78-86B8-B4C9D83DF952}
		{02A3179F-1615-473B-8139-84B0F76DC39E} = {F2F437FC-D22F-4B78-86B8-B4C9D83DF952}
		{E0E34F95-76CC-47FC-B0B0-7E035491671B} = {DC7BE62D-145D-45F0-96C4-19F9FE588FE3}
		{23086120-44B9-4AD1-87C5-AA34C28A1E2C} = {DC7BE62D-145D-45F0-96C4-19F9FE588FE3}
		{C7E3A2F2-8C67-4E7A-8764-6F99D2C64F3E} = {23086120-44B9-4AD1-87C5-AA34C28A1E2C}
		{B5C4D9EA-C850-4C1A-94CD-B77CBF05F3B0} = {23086120-44B9-4AD1-87C5-AA34C28A1E2C}
		{2ABB2B76-35EE-4876-9E32-F74585EFA0CD} = {23086120-44B9-4AD1-87C5-AA34C28A1E2C}
		{BBB1C3CA-C88A-4265-880C-9DAB427B1014} = {E0E34F95-76CC-47FC-B0B0-7E035491671B}
		{56BC81C7-31A9-45BC-B753-0C0E49A432A6} = {C7E3A2F2-8C67-4E7A-8764-6F99D2C64F3E}
		{DE3DD33C-9A20-4142-B93F-9B258BD3027F} = {B5C4D9EA-C850-4C1A-94CD-B77CBF05F3B0}
		{F1548690-7F63-406E-9EAD-1A98AB51F4DD} = {C7E3A2F2-8C67-4E7A-8764-6F99D2C64F3E}
		{B1541CBC-0D32-4E26-97BB-6280BA9354D6} = {23086120-44B9-4AD1-87C5-AA34C28A1E2C}
		{33DEC090-C04C-4998-82C8-BE665D279E6F} = {B1541CBC-0D32-4E26-97BB-6280BA9354D6}
		{01E5D73D-6789-4EF4-8CE2-D7B51647E7B1} = {B1541CBC-0D32-4E26-97BB-6280BA9354D6}
		{A0AB0664-663E-4743-8890-4444427E69CB} = {F2F437FC-D22F-4B78-86B8-B4C9D83DF952}
	EndGlobalSection
	GlobalSection(ExtensibilityGlobals) = postSolution
		SolutionGuid = {3D70024D-3FAB-4B0B-B008-F93AD1712F67}
	EndGlobalSection
EndGlobal
