
Microsoft Visual Studio Solution File, Format Version 12.00
# Visual Studio Version 16
VisualStudioVersion = 25.0.1706.12
MinimumVisualStudioVersion = 10.0.40219.1
Project("{2150E333-8FDC-42A3-9474-1A3956D46DE8}") = "Core", "Core", "{55D61D70-E02F-441E-BAB0-6BB0D2350815}"
EndProject
Project("{FAE04EC0-301F-11D3-BF4B-00C04F79EFBC}") = "Tridenton.Core", "src\Core\Tridenton.Core\Tridenton.Core.csproj", "{43EC0548-7809-48F1-BA9B-07DDFFF8B082}"
EndProject
Project("{FAE04EC0-301F-11D3-BF4B-00C04F79EFBC}") = "Tridenton.Core.UI", "src\Core\Tridenton.Core.UI\Tridenton.Core.UI.csproj", "{4B7050DD-48FD-4909-A93F-B246B6B855C5}"
EndProject
Project("{FAE04EC0-301F-11D3-BF4B-00C04F79EFBC}") = "Tridenton.SDK.Core", "src\SDK\Tridenton.SDK.Core\Tridenton.SDK.Core.csproj", "{6DB3ED7C-EA34-410E-8358-33B6B6965EF8}"
EndProject
Project("{2150E333-8FDC-42A3-9474-1A3956D46DE8}") = "SDK", "SDK", "{F8CF490F-1DDD-45E8-92C8-0D9044B28C6D}"
EndProject
Project("{FAE04EC0-301F-11D3-BF4B-00C04F79EFBC}") = "Tridenton.ERP.Core", "src\ERP\Tridenton.ERP.Core\Tridenton.ERP.Core.csproj", "{A38676DB-1203-429C-9FEB-372649B2B939}"
EndProject
Project("{2150E333-8FDC-42A3-9474-1A3956D46DE8}") = "ERP", "ERP", "{3F7ABFE6-5708-42A9-A55A-B8D4767BDCDA}"
EndProject
Global
	GlobalSection(SolutionConfigurationPlatforms) = preSolution
		Debug|Any CPU = Debug|Any CPU
		Release|Any CPU = Release|Any CPU
	EndGlobalSection
	GlobalSection(ProjectConfigurationPlatforms) = postSolution
		{43EC0548-7809-48F1-BA9B-07DDFFF8B082}.Debug|Any CPU.ActiveCfg = Debug|Any CPU
		{43EC0548-7809-48F1-BA9B-07DDFFF8B082}.Debug|Any CPU.Build.0 = Debug|Any CPU
		{43EC0548-7809-48F1-BA9B-07DDFFF8B082}.Release|Any CPU.ActiveCfg = Release|Any CPU
		{43EC0548-7809-48F1-BA9B-07DDFFF8B082}.Release|Any CPU.Build.0 = Release|Any CPU
		{4B7050DD-48FD-4909-A93F-B246B6B855C5}.Debug|Any CPU.ActiveCfg = Debug|Any CPU
		{4B7050DD-48FD-4909-A93F-B246B6B855C5}.Debug|Any CPU.Build.0 = Debug|Any CPU
		{4B7050DD-48FD-4909-A93F-B246B6B855C5}.Release|Any CPU.ActiveCfg = Release|Any CPU
		{4B7050DD-48FD-4909-A93F-B246B6B855C5}.Release|Any CPU.Build.0 = Release|Any CPU
		{6DB3ED7C-EA34-410E-8358-33B6B6965EF8}.Debug|Any CPU.ActiveCfg = Debug|Any CPU
		{6DB3ED7C-EA34-410E-8358-33B6B6965EF8}.Debug|Any CPU.Build.0 = Debug|Any CPU
		{6DB3ED7C-EA34-410E-8358-33B6B6965EF8}.Release|Any CPU.ActiveCfg = Release|Any CPU
		{6DB3ED7C-EA34-410E-8358-33B6B6965EF8}.Release|Any CPU.Build.0 = Release|Any CPU
		{A38676DB-1203-429C-9FEB-372649B2B939}.Debug|Any CPU.ActiveCfg = Debug|Any CPU
		{A38676DB-1203-429C-9FEB-372649B2B939}.Debug|Any CPU.Build.0 = Debug|Any CPU
		{A38676DB-1203-429C-9FEB-372649B2B939}.Release|Any CPU.ActiveCfg = Release|Any CPU
		{A38676DB-1203-429C-9FEB-372649B2B939}.Release|Any CPU.Build.0 = Release|Any CPU
	EndGlobalSection
	GlobalSection(SolutionProperties) = preSolution
		HideSolutionNode = FALSE
	EndGlobalSection
	GlobalSection(NestedProjects) = preSolution
		{43EC0548-7809-48F1-BA9B-07DDFFF8B082} = {55D61D70-E02F-441E-BAB0-6BB0D2350815}
		{4B7050DD-48FD-4909-A93F-B246B6B855C5} = {55D61D70-E02F-441E-BAB0-6BB0D2350815}
		{6DB3ED7C-EA34-410E-8358-33B6B6965EF8} = {F8CF490F-1DDD-45E8-92C8-0D9044B28C6D}
		{A38676DB-1203-429C-9FEB-372649B2B939} = {3F7ABFE6-5708-42A9-A55A-B8D4767BDCDA}
	EndGlobalSection
	GlobalSection(ExtensibilityGlobals) = postSolution
		SolutionGuid = {3D70024D-3FAB-4B0B-B008-F93AD1712F67}
	EndGlobalSection
EndGlobal
